// !$*UTF8*$!
{
	archiveVersion = 1;
	classes = {
	};
	objectVersion = 50;
	objects = {

/* Begin PBXBuildFile section */
		A80406AC26A07C5B006159C7 /* AppDelegate.swift in Sources */ = {isa = PBXBuildFile; fileRef = A80406AB26A07C5B006159C7 /* AppDelegate.swift */; };
		A80406AE26A07C5B006159C7 /* SceneDelegate.swift in Sources */ = {isa = PBXBuildFile; fileRef = A80406AD26A07C5B006159C7 /* SceneDelegate.swift */; };
		A80406B026A07C5B006159C7 /* ViewController.swift in Sources */ = {isa = PBXBuildFile; fileRef = A80406AF26A07C5B006159C7 /* ViewController.swift */; };
		A80406B326A07C5B006159C7 /* Main.storyboard in Resources */ = {isa = PBXBuildFile; fileRef = A80406B126A07C5B006159C7 /* Main.storyboard */; };
		A80406B626A07C5B006159C7 /* aboutMeApp2.xcdatamodeld in Sources */ = {isa = PBXBuildFile; fileRef = A80406B426A07C5B006159C7 /* aboutMeApp2.xcdatamodeld */; };
		A80406B826A07C5C006159C7 /* Assets.xcassets in Resources */ = {isa = PBXBuildFile; fileRef = A80406B726A07C5C006159C7 /* Assets.xcassets */; };
		A80406BB26A07C5C006159C7 /* LaunchScreen.storyboard in Resources */ = {isa = PBXBuildFile; fileRef = A80406B926A07C5C006159C7 /* LaunchScreen.storyboard */; };
		A80406C626A07C5C006159C7 /* aboutMeApp2Tests.swift in Sources */ = {isa = PBXBuildFile; fileRef = A80406C526A07C5C006159C7 /* aboutMeApp2Tests.swift */; };
		A80406D126A07C5C006159C7 /* aboutMeApp2UITests.swift in Sources */ = {isa = PBXBuildFile; fileRef = A80406D026A07C5C006159C7 /* aboutMeApp2UITests.swift */; };
/* End PBXBuildFile section */

/* Begin PBXContainerItemProxy section */
		A80406C226A07C5C006159C7 /* PBXContainerItemProxy */ = {
			isa = PBXContainerItemProxy;
			containerPortal = A80406A026A07C5B006159C7 /* Project object */;
			proxyType = 1;
			remoteGlobalIDString = A80406A726A07C5B006159C7;
			remoteInfo = aboutMeApp2;
		};
		A80406CD26A07C5C006159C7 /* PBXContainerItemProxy */ = {
			isa = PBXContainerItemProxy;
			containerPortal = A80406A026A07C5B006159C7 /* Project object */;
			proxyType = 1;
			remoteGlobalIDString = A80406A726A07C5B006159C7;
			remoteInfo = aboutMeApp2;
		};
/* End PBXContainerItemProxy section */

/* Begin PBXFileReference section */
		A80406A826A07C5B006159C7 /* aboutMeApp2.app */ = {isa = PBXFileReference; explicitFileType = wrapper.application; includeInIndex = 0; path = aboutMeApp2.app; sourceTree = BUILT_PRODUCTS_DIR; };
		A80406AB26A07C5B006159C7 /* AppDelegate.swift */ = {isa = PBXFileReference; lastKnownFileType = sourcecode.swift; path = AppDelegate.swift; sourceTree = "<group>"; };
		A80406AD26A07C5B006159C7 /* SceneDelegate.swift */ = {isa = PBXFileReference; lastKnownFileType = sourcecode.swift; path = SceneDelegate.swift; sourceTree = "<group>"; };
		A80406AF26A07C5B006159C7 /* ViewController.swift */ = {isa = PBXFileReference; lastKnownFileType = sourcecode.swift; path = ViewController.swift; sourceTree = "<group>"; };
		A80406B226A07C5B006159C7 /* Base */ = {isa = PBXFileReference; lastKnownFileType = file.storyboard; name = Base; path = Base.lproj/Main.storyboard; sourceTree = "<group>"; };
		A80406B526A07C5B006159C7 /* aboutMeApp2.xcdatamodel */ = {isa = PBXFileReference; lastKnownFileType = wrapper.xcdatamodel; path = aboutMeApp2.xcdatamodel; sourceTree = "<group>"; };
		A80406B726A07C5C006159C7 /* Assets.xcassets */ = {isa = PBXFileReference; lastKnownFileType = folder.assetcatalog; path = Assets.xcassets; sourceTree = "<group>"; };
		A80406BA26A07C5C006159C7 /* Base */ = {isa = PBXFileReference; lastKnownFileType = file.storyboard; name = Base; path = Base.lproj/LaunchScreen.storyboard; sourceTree = "<group>"; };
		A80406BC26A07C5C006159C7 /* Info.plist */ = {isa = PBXFileReference; lastKnownFileType = text.plist.xml; path = Info.plist; sourceTree = "<group>"; };
		A80406C126A07C5C006159C7 /* aboutMeApp2Tests.xctest */ = {isa = PBXFileReference; explicitFileType = wrapper.cfbundle; includeInIndex = 0; path = aboutMeApp2Tests.xctest; sourceTree = BUILT_PRODUCTS_DIR; };
		A80406C526A07C5C006159C7 /* aboutMeApp2Tests.swift */ = {isa = PBXFileReference; lastKnownFileType = sourcecode.swift; path = aboutMeApp2Tests.swift; sourceTree = "<group>"; };
		A80406C726A07C5C006159C7 /* Info.plist */ = {isa = PBXFileReference; lastKnownFileType = text.plist.xml; path = Info.plist; sourceTree = "<group>"; };
		A80406CC26A07C5C006159C7 /* aboutMeApp2UITests.xctest */ = {isa = PBXFileReference; explicitFileType = wrapper.cfbundle; includeInIndex = 0; path = aboutMeApp2UITests.xctest; sourceTree = BUILT_PRODUCTS_DIR; };
		A80406D026A07C5C006159C7 /* aboutMeApp2UITests.swift */ = {isa = PBXFileReference; lastKnownFileType = sourcecode.swift; path = aboutMeApp2UITests.swift; sourceTree = "<group>"; };
		A80406D226A07C5C006159C7 /* Info.plist */ = {isa = PBXFileReference; lastKnownFileType = text.plist.xml; path = Info.plist; sourceTree = "<group>"; };
/* End PBXFileReference section */

/* Begin PBXFrameworksBuildPhase section */
		A80406A526A07C5B006159C7 /* Frameworks */ = {
			isa = PBXFrameworksBuildPhase;
			buildActionMask = 2147483647;
			files = (
			);
			runOnlyForDeploymentPostprocessing = 0;
		};
		A80406BE26A07C5C006159C7 /* Frameworks */ = {
			isa = PBXFrameworksBuildPhase;
			buildActionMask = 2147483647;
			files = (
			);
			runOnlyForDeploymentPostprocessing = 0;
		};
		A80406C926A07C5C006159C7 /* Frameworks */ = {
			isa = PBXFrameworksBuildPhase;
			buildActionMask = 2147483647;
			files = (
			);
			runOnlyForDeploymentPostprocessing = 0;
		};
/* End PBXFrameworksBuildPhase section */

/* Begin PBXGroup section */
		A804069F26A07C5B006159C7 = {
			isa = PBXGroup;
			children = (
				A80406AA26A07C5B006159C7 /* aboutMeApp2 */,
				A80406C426A07C5C006159C7 /* aboutMeApp2Tests */,
				A80406CF26A07C5C006159C7 /* aboutMeApp2UITests */,
				A80406A926A07C5B006159C7 /* Products */,
			);
			sourceTree = "<group>";
		};
		A80406A926A07C5B006159C7 /* Products */ = {
			isa = PBXGroup;
			children = (
				A80406A826A07C5B006159C7 /* aboutMeApp2.app */,
				A80406C126A07C5C006159C7 /* aboutMeApp2Tests.xctest */,
				A80406CC26A07C5C006159C7 /* aboutMeApp2UITests.xctest */,
			);
			name = Products;
			sourceTree = "<group>";
		};
		A80406AA26A07C5B006159C7 /* aboutMeApp2 */ = {
			isa = PBXGroup;
			children = (
				A80406AB26A07C5B006159C7 /* AppDelegate.swift */,
				A80406AD26A07C5B006159C7 /* SceneDelegate.swift */,
				A80406AF26A07C5B006159C7 /* ViewController.swift */,
				A80406B126A07C5B006159C7 /* Main.storyboard */,
				A80406B726A07C5C006159C7 /* Assets.xcassets */,
				A80406B926A07C5C006159C7 /* LaunchScreen.storyboard */,
				A80406BC26A07C5C006159C7 /* Info.plist */,
				A80406B426A07C5B006159C7 /* aboutMeApp2.xcdatamodeld */,
			);
			path = aboutMeApp2;
			sourceTree = "<group>";
		};
		A80406C426A07C5C006159C7 /* aboutMeApp2Tests */ = {
			isa = PBXGroup;
			children = (
				A80406C526A07C5C006159C7 /* aboutMeApp2Tests.swift */,
				A80406C726A07C5C006159C7 /* Info.plist */,
			);
			path = aboutMeApp2Tests;
			sourceTree = "<group>";
		};
		A80406CF26A07C5C006159C7 /* aboutMeApp2UITests */ = {
			isa = PBXGroup;
			children = (
				A80406D026A07C5C006159C7 /* aboutMeApp2UITests.swift */,
				A80406D226A07C5C006159C7 /* Info.plist */,
			);
			path = aboutMeApp2UITests;
			sourceTree = "<group>";
		};
/* End PBXGroup section */

/* Begin PBXNativeTarget section */
		A80406A726A07C5B006159C7 /* aboutMeApp2 */ = {
			isa = PBXNativeTarget;
			buildConfigurationList = A80406D526A07C5C006159C7 /* Build configuration list for PBXNativeTarget "aboutMeApp2" */;
			buildPhases = (
				A80406A426A07C5B006159C7 /* Sources */,
				A80406A526A07C5B006159C7 /* Frameworks */,
				A80406A626A07C5B006159C7 /* Resources */,
			);
			buildRules = (
			);
			dependencies = (
			);
			name = aboutMeApp2;
			productName = aboutMeApp2;
			productReference = A80406A826A07C5B006159C7 /* aboutMeApp2.app */;
			productType = "com.apple.product-type.application";
		};
		A80406C026A07C5C006159C7 /* aboutMeApp2Tests */ = {
			isa = PBXNativeTarget;
			buildConfigurationList = A80406D826A07C5C006159C7 /* Build configuration list for PBXNativeTarget "aboutMeApp2Tests" */;
			buildPhases = (
				A80406BD26A07C5C006159C7 /* Sources */,
				A80406BE26A07C5C006159C7 /* Frameworks */,
				A80406BF26A07C5C006159C7 /* Resources */,
			);
			buildRules = (
			);
			dependencies = (
				A80406C326A07C5C006159C7 /* PBXTargetDependency */,
			);
			name = aboutMeApp2Tests;
			productName = aboutMeApp2Tests;
			productReference = A80406C126A07C5C006159C7 /* aboutMeApp2Tests.xctest */;
			productType = "com.apple.product-type.bundle.unit-test";
		};
		A80406CB26A07C5C006159C7 /* aboutMeApp2UITests */ = {
			isa = PBXNativeTarget;
			buildConfigurationList = A80406DB26A07C5C006159C7 /* Build configuration list for PBXNativeTarget "aboutMeApp2UITests" */;
			buildPhases = (
				A80406C826A07C5C006159C7 /* Sources */,
				A80406C926A07C5C006159C7 /* Frameworks */,
				A80406CA26A07C5C006159C7 /* Resources */,
			);
			buildRules = (
			);
			dependencies = (
				A80406CE26A07C5C006159C7 /* PBXTargetDependency */,
			);
			name = aboutMeApp2UITests;
			productName = aboutMeApp2UITests;
			productReference = A80406CC26A07C5C006159C7 /* aboutMeApp2UITests.xctest */;
			productType = "com.apple.product-type.bundle.ui-testing";
		};
/* End PBXNativeTarget section */

/* Begin PBXProject section */
		A80406A026A07C5B006159C7 /* Project object */ = {
			isa = PBXProject;
			attributes = {
				LastSwiftUpdateCheck = 1250;
				LastUpgradeCheck = 1250;
				TargetAttributes = {
					A80406A726A07C5B006159C7 = {
						CreatedOnToolsVersion = 12.5;
					};
					A80406C026A07C5C006159C7 = {
						CreatedOnToolsVersion = 12.5;
						TestTargetID = A80406A726A07C5B006159C7;
					};
					A80406CB26A07C5C006159C7 = {
						CreatedOnToolsVersion = 12.5;
						TestTargetID = A80406A726A07C5B006159C7;
					};
				};
			};
			buildConfigurationList = A80406A326A07C5B006159C7 /* Build configuration list for PBXProject "aboutMeApp2" */;
			compatibilityVersion = "Xcode 9.3";
			developmentRegion = en;
			hasScannedForEncodings = 0;
			knownRegions = (
				en,
				Base,
			);
			mainGroup = A804069F26A07C5B006159C7;
			productRefGroup = A80406A926A07C5B006159C7 /* Products */;
			projectDirPath = "";
			projectRoot = "";
			targets = (
				A80406A726A07C5B006159C7 /* aboutMeApp2 */,
				A80406C026A07C5C006159C7 /* aboutMeApp2Tests */,
				A80406CB26A07C5C006159C7 /* aboutMeApp2UITests */,
			);
		};
/* End PBXProject section */

/* Begin PBXResourcesBuildPhase section */
		A80406A626A07C5B006159C7 /* Resources */ = {
			isa = PBXResourcesBuildPhase;
			buildActionMask = 2147483647;
			files = (
				A80406BB26A07C5C006159C7 /* LaunchScreen.storyboard in Resources */,
				A80406B826A07C5C006159C7 /* Assets.xcassets in Resources */,
				A80406B326A07C5B006159C7 /* Main.storyboard in Resources */,
			);
			runOnlyForDeploymentPostprocessing = 0;
		};
		A80406BF26A07C5C006159C7 /* Resources */ = {
			isa = PBXResourcesBuildPhase;
			buildActionMask = 2147483647;
			files = (
			);
			runOnlyForDeploymentPostprocessing = 0;
		};
		A80406CA26A07C5C006159C7 /* Resources */ = {
			isa = PBXResourcesBuildPhase;
			buildActionMask = 2147483647;
			files = (
			);
			runOnlyForDeploymentPostprocessing = 0;
		};
/* End PBXResourcesBuildPhase section */

/* Begin PBXSourcesBuildPhase section */
		A80406A426A07C5B006159C7 /* Sources */ = {
			isa = PBXSourcesBuildPhase;
			buildActionMask = 2147483647;
			files = (
				A80406B626A07C5B006159C7 /* aboutMeApp2.xcdatamodeld in Sources */,
				A80406B026A07C5B006159C7 /* ViewController.swift in Sources */,
				A80406AC26A07C5B006159C7 /* AppDelegate.swift in Sources */,
				A80406AE26A07C5B006159C7 /* SceneDelegate.swift in Sources */,
			);
			runOnlyForDeploymentPostprocessing = 0;
		};
		A80406BD26A07C5C006159C7 /* Sources */ = {
			isa = PBXSourcesBuildPhase;
			buildActionMask = 2147483647;
			files = (
				A80406C626A07C5C006159C7 /* aboutMeApp2Tests.swift in Sources */,
			);
			runOnlyForDeploymentPostprocessing = 0;
		};
		A80406C826A07C5C006159C7 /* Sources */ = {
			isa = PBXSourcesBuildPhase;
			buildActionMask = 2147483647;
			files = (
				A80406D126A07C5C006159C7 /* aboutMeApp2UITests.swift in Sources */,
			);
			runOnlyForDeploymentPostprocessing = 0;
		};
/* End PBXSourcesBuildPhase section */

/* Begin PBXTargetDependency section */
		A80406C326A07C5C006159C7 /* PBXTargetDependency */ = {
			isa = PBXTargetDependency;
			target = A80406A726A07C5B006159C7 /* aboutMeApp2 */;
			targetProxy = A80406C226A07C5C006159C7 /* PBXContainerItemProxy */;
		};
		A80406CE26A07C5C006159C7 /* PBXTargetDependency */ = {
			isa = PBXTargetDependency;
			target = A80406A726A07C5B006159C7 /* aboutMeApp2 */;
			targetProxy = A80406CD26A07C5C006159C7 /* PBXContainerItemProxy */;
		};
/* End PBXTargetDependency section */

/* Begin PBXVariantGroup section */
		A80406B126A07C5B006159C7 /* Main.storyboard */ = {
			isa = PBXVariantGroup;
			children = (
				A80406B226A07C5B006159C7 /* Base */,
			);
			name = Main.storyboard;
			sourceTree = "<group>";
		};
		A80406B926A07C5C006159C7 /* LaunchScreen.storyboard */ = {
			isa = PBXVariantGroup;
			children = (
				A80406BA26A07C5C006159C7 /* Base */,
			);
			name = LaunchScreen.storyboard;
			sourceTree = "<group>";
		};
/* End PBXVariantGroup section */

/* Begin XCBuildConfiguration section */
		A80406D326A07C5C006159C7 /* Debug */ = {
			isa = XCBuildConfiguration;
			buildSettings = {
				ALWAYS_SEARCH_USER_PATHS = NO;
				CLANG_ANALYZER_NONNULL = YES;
				CLANG_ANALYZER_NUMBER_OBJECT_CONVERSION = YES_AGGRESSIVE;
				CLANG_CXX_LANGUAGE_STANDARD = "gnu++14";
				CLANG_CXX_LIBRARY = "libc++";
				CLANG_ENABLE_MODULES = YES;
				CLANG_ENABLE_OBJC_ARC = YES;
				CLANG_ENABLE_OBJC_WEAK = YES;
				CLANG_WARN_BLOCK_CAPTURE_AUTORELEASING = YES;
				CLANG_WARN_BOOL_CONVERSION = YES;
				CLANG_WARN_COMMA = YES;
				CLANG_WARN_CONSTANT_CONVERSION = YES;
				CLANG_WARN_DEPRECATED_OBJC_IMPLEMENTATIONS = YES;
				CLANG_WARN_DIRECT_OBJC_ISA_USAGE = YES_ERROR;
				CLANG_WARN_DOCUMENTATION_COMMENTS = YES;
				CLANG_WARN_EMPTY_BODY = YES;
				CLANG_WARN_ENUM_CONVERSION = YES;
				CLANG_WARN_INFINITE_RECURSION = YES;
				CLANG_WARN_INT_CONVERSION = YES;
				CLANG_WARN_NON_LITERAL_NULL_CONVERSION = YES;
				CLANG_WARN_OBJC_IMPLICIT_RETAIN_SELF = YES;
				CLANG_WARN_OBJC_LITERAL_CONVERSION = YES;
				CLANG_WARN_OBJC_ROOT_CLASS = YES_ERROR;
				CLANG_WARN_QUOTED_INCLUDE_IN_FRAMEWORK_HEADER = YES;
				CLANG_WARN_RANGE_LOOP_ANALYSIS = YES;
				CLANG_WARN_STRICT_PROTOTYPES = YES;
				CLANG_WARN_SUSPICIOUS_MOVE = YES;
				CLANG_WARN_UNGUARDED_AVAILABILITY = YES_AGGRESSIVE;
				CLANG_WARN_UNREACHABLE_CODE = YES;
				CLANG_WARN__DUPLICATE_METHOD_MATCH = YES;
				COPY_PHASE_STRIP = NO;
				DEBUG_INFORMATION_FORMAT = dwarf;
				ENABLE_STRICT_OBJC_MSGSEND = YES;
				ENABLE_TESTABILITY = YES;
				GCC_C_LANGUAGE_STANDARD = gnu11;
				GCC_DYNAMIC_NO_PIC = NO;
				GCC_NO_COMMON_BLOCKS = YES;
				GCC_OPTIMIZATION_LEVEL = 0;
				GCC_PREPROCESSOR_DEFINITIONS = (
					"DEBUG=1",
					"$(inherited)",
				);
				GCC_WARN_64_TO_32_BIT_CONVERSION = YES;
				GCC_WARN_ABOUT_RETURN_TYPE = YES_ERROR;
				GCC_WARN_UNDECLARED_SELECTOR = YES;
				GCC_WARN_UNINITIALIZED_AUTOS = YES_AGGRESSIVE;
				GCC_WARN_UNUSED_FUNCTION = YES;
				GCC_WARN_UNUSED_VARIABLE = YES;
				IPHONEOS_DEPLOYMENT_TARGET = 14.5;
				MTL_ENABLE_DEBUG_INFO = INCLUDE_SOURCE;
				MTL_FAST_MATH = YES;
				ONLY_ACTIVE_ARCH = YES;
				SDKROOT = iphoneos;
				SWIFT_ACTIVE_COMPILATION_CONDITIONS = DEBUG;
				SWIFT_OPTIMIZATION_LEVEL = "-Onone";
			};
			name = Debug;
		};
		A80406D426A07C5C006159C7 /* Release */ = {
			isa = XCBuildConfiguration;
			buildSettings = {
				ALWAYS_SEARCH_USER_PATHS = NO;
				CLANG_ANALYZER_NONNULL = YES;
				CLANG_ANALYZER_NUMBER_OBJECT_CONVERSION = YES_AGGRESSIVE;
				CLANG_CXX_LANGUAGE_STANDARD = "gnu++14";
				CLANG_CXX_LIBRARY = "libc++";
				CLANG_ENABLE_MODULES = YES;
				CLANG_ENABLE_OBJC_ARC = YES;
				CLANG_ENABLE_OBJC_WEAK = YES;
				CLANG_WARN_BLOCK_CAPTURE_AUTORELEASING = YES;
				CLANG_WARN_BOOL_CONVERSION = YES;
				CLANG_WARN_COMMA = YES;
				CLANG_WARN_CONSTANT_CONVERSION = YES;
				CLANG_WARN_DEPRECATED_OBJC_IMPLEMENTATIONS = YES;
				CLANG_WARN_DIRECT_OBJC_ISA_USAGE = YES_ERROR;
				CLANG_WARN_DOCUMENTATION_COMMENTS = YES;
				CLANG_WARN_EMPTY_BODY = YES;
				CLANG_WARN_ENUM_CONVERSION = YES;
				CLANG_WARN_INFINITE_RECURSION = YES;
				CLANG_WARN_INT_CONVERSION = YES;
				CLANG_WARN_NON_LITERAL_NULL_CONVERSION = YES;
				CLANG_WARN_OBJC_IMPLICIT_RETAIN_SELF = YES;
				CLANG_WARN_OBJC_LITERAL_CONVERSION = YES;
				CLANG_WARN_OBJC_ROOT_CLASS = YES_ERROR;
				CLANG_WARN_QUOTED_INCLUDE_IN_FRAMEWORK_HEADER = YES;
				CLANG_WARN_RANGE_LOOP_ANALYSIS = YES;
				CLANG_WARN_STRICT_PROTOTYPES = YES;
				CLANG_WARN_SUSPICIOUS_MOVE = YES;
				CLANG_WARN_UNGUARDED_AVAILABILITY = YES_AGGRESSIVE;
				CLANG_WARN_UNREACHABLE_CODE = YES;
				CLANG_WARN__DUPLICATE_METHOD_MATCH = YES;
				COPY_PHASE_STRIP = NO;
				DEBUG_INFORMATION_FORMAT = "dwarf-with-dsym";
				ENABLE_NS_ASSERTIONS = NO;
				ENABLE_STRICT_OBJC_MSGSEND = YES;
				GCC_C_LANGUAGE_STANDARD = gnu11;
				GCC_NO_COMMON_BLOCKS = YES;
				GCC_WARN_64_TO_32_BIT_CONVERSION = YES;
				GCC_WARN_ABOUT_RETURN_TYPE = YES_ERROR;
				GCC_WARN_UNDECLARED_SELECTOR = YES;
				GCC_WARN_UNINITIALIZED_AUTOS = YES_AGGRESSIVE;
				GCC_WARN_UNUSED_FUNCTION = YES;
				GCC_WARN_UNUSED_VARIABLE = YES;
				IPHONEOS_DEPLOYMENT_TARGET = 14.5;
				MTL_ENABLE_DEBUG_INFO = NO;
				MTL_FAST_MATH = YES;
				SDKROOT = iphoneos;
				SWIFT_COMPILATION_MODE = wholemodule;
				SWIFT_OPTIMIZATION_LEVEL = "-O";
				VALIDATE_PRODUCT = YES;
			};
			name = Release;
		};
		A80406D626A07C5C006159C7 /* Debug */ = {
			isa = XCBuildConfiguration;
			buildSettings = {
				ASSETCATALOG_COMPILER_APPICON_NAME = AppIcon;
				ASSETCATALOG_COMPILER_GLOBAL_ACCENT_COLOR_NAME = AccentColor;
				CODE_SIGN_STYLE = Automatic;
				DEVELOPMENT_TEAM = 4PCN6UY632;
				INFOPLIST_FILE = aboutMeApp2/Info.plist;
				LD_RUNPATH_SEARCH_PATHS = (
					"$(inherited)",
					"@executable_path/Frameworks",
				);
				PRODUCT_BUNDLE_IDENTIFIER = purplepeopleeaters.aboutMeApp2;
				PRODUCT_NAME = "$(TARGET_NAME)";
				SWIFT_VERSION = 5.0;
				TARGETED_DEVICE_FAMILY = "1,2";
			};
			name = Debug;
		};
		A80406D726A07C5C006159C7 /* Release */ = {
			isa = XCBuildConfiguration;
			buildSettings = {
				ASSETCATALOG_COMPILER_APPICON_NAME = AppIcon;
				ASSETCATALOG_COMPILER_GLOBAL_ACCENT_COLOR_NAME = AccentColor;
				CODE_SIGN_STYLE = Automatic;
				DEVELOPMENT_TEAM = 4PCN6UY632;
				INFOPLIST_FILE = aboutMeApp2/Info.plist;
				LD_RUNPATH_SEARCH_PATHS = (
					"$(inherited)",
					"@executable_path/Frameworks",
				);
				PRODUCT_BUNDLE_IDENTIFIER = purplepeopleeaters.aboutMeApp2;
				PRODUCT_NAME = "$(TARGET_NAME)";
				SWIFT_VERSION = 5.0;
				TARGETED_DEVICE_FAMILY = "1,2";
			};
			name = Release;
		};
		A80406D926A07C5C006159C7 /* Debug */ = {
			isa = XCBuildConfiguration;
			buildSettings = {
				ALWAYS_EMBED_SWIFT_STANDARD_LIBRARIES = YES;
				BUNDLE_LOADER = "$(TEST_HOST)";
				CODE_SIGN_STYLE = Automatic;
				DEVELOPMENT_TEAM = 4PCN6UY632;
				INFOPLIST_FILE = aboutMeApp2Tests/Info.plist;
				IPHONEOS_DEPLOYMENT_TARGET = 14.5;
				LD_RUNPATH_SEARCH_PATHS = (
					"$(inherited)",
					"@executable_path/Frameworks",
					"@loader_path/Frameworks",
				);
				PRODUCT_BUNDLE_IDENTIFIER = purplepeopleeaters.aboutMeApp2Tests;
				PRODUCT_NAME = "$(TARGET_NAME)";
				SWIFT_VERSION = 5.0;
				TARGETED_DEVICE_FAMILY = "1,2";
				TEST_HOST = "$(BUILT_PRODUCTS_DIR)/aboutMeApp2.app/aboutMeApp2";
			};
			name = Debug;
		};
		A80406DA26A07C5C006159C7 /* Release */ = {
			isa = XCBuildConfiguration;
			buildSettings = {
				ALWAYS_EMBED_SWIFT_STANDARD_LIBRARIES = YES;
				BUNDLE_LOADER = "$(TEST_HOST)";
				CODE_SIGN_STYLE = Automatic;
				DEVELOPMENT_TEAM = 4PCN6UY632;
				INFOPLIST_FILE = aboutMeApp2Tests/Info.plist;
				IPHONEOS_DEPLOYMENT_TARGET = 14.5;
				LD_RUNPATH_SEARCH_PATHS = (
					"$(inherited)",
					"@executable_path/Frameworks",
					"@loader_path/Frameworks",
				);
				PRODUCT_BUNDLE_IDENTIFIER = purplepeopleeaters.aboutMeApp2Tests;
				PRODUCT_NAME = "$(TARGET_NAME)";
				SWIFT_VERSION = 5.0;
				TARGETED_DEVICE_FAMILY = "1,2";
				TEST_HOST = "$(BUILT_PRODUCTS_DIR)/aboutMeApp2.app/aboutMeApp2";
			};
			name = Release;
		};
		A80406DC26A07C5C006159C7 /* Debug */ = {
			isa = XCBuildConfiguration;
			buildSettings = {
				ALWAYS_EMBED_SWIFT_STANDARD_LIBRARIES = YES;
				CODE_SIGN_STYLE = Automatic;
				DEVELOPMENT_TEAM = 4PCN6UY632;
				INFOPLIST_FILE = aboutMeApp2UITests/Info.plist;
				LD_RUNPATH_SEARCH_PATHS = (
					"$(inherited)",
					"@executable_path/Frameworks",
					"@loader_path/Frameworks",
				);
				PRODUCT_BUNDLE_IDENTIFIER = purplepeopleeaters.aboutMeApp2UITests;
				PRODUCT_NAME = "$(TARGET_NAME)";
				SWIFT_VERSION = 5.0;
				TARGETED_DEVICE_FAMILY = "1,2";
				TEST_TARGET_NAME = aboutMeApp2;
			};
			name = Debug;
		};
		A80406DD26A07C5C006159C7 /* Release */ = {
			isa = XCBuildConfiguration;
			buildSettings = {
				ALWAYS_EMBED_SWIFT_STANDARD_LIBRARIES = YES;
				CODE_SIGN_STYLE = Automatic;
				DEVELOPMENT_TEAM = 4PCN6UY632;
				INFOPLIST_FILE = aboutMeApp2UITests/Info.plist;
				LD_RUNPATH_SEARCH_PATHS = (
					"$(inherited)",
					"@executable_path/Frameworks",
					"@loader_path/Frameworks",
				);
				PRODUCT_BUNDLE_IDENTIFIER = purplepeopleeaters.aboutMeApp2UITests;
				PRODUCT_NAME = "$(TARGET_NAME)";
				SWIFT_VERSION = 5.0;
				TARGETED_DEVICE_FAMILY = "1,2";
				TEST_TARGET_NAME = aboutMeApp2;
			};
			name = Release;
		};
/* End XCBuildConfiguration section */

/* Begin XCConfigurationList section */
		A80406A326A07C5B006159C7 /* Build configuration list for PBXProject "aboutMeApp2" */ = {
			isa = XCConfigurationList;
			buildConfigurations = (
				A80406D326A07C5C006159C7 /* Debug */,
				A80406D426A07C5C006159C7 /* Release */,
			);
			defaultConfigurationIsVisible = 0;
			defaultConfigurationName = Release;
		};
		A80406D526A07C5C006159C7 /* Build configuration list for PBXNativeTarget "aboutMeApp2" */ = {
			isa = XCConfigurationList;
			buildConfigurations = (
				A80406D626A07C5C006159C7 /* Debug */,
				A80406D726A07C5C006159C7 /* Release */,
			);
			defaultConfigurationIsVisible = 0;
			defaultConfigurationName = Release;
		};
		A80406D826A07C5C006159C7 /* Build configuration list for PBXNativeTarget "aboutMeApp2Tests" */ = {
			isa = XCConfigurationList;
			buildConfigurations = (
				A80406D926A07C5C006159C7 /* Debug */,
				A80406DA26A07C5C006159C7 /* Release */,
			);
			defaultConfigurationIsVisible = 0;
			defaultConfigurationName = Release;
		};
		A80406DB26A07C5C006159C7 /* Build configuration list for PBXNativeTarget "aboutMeApp2UITests" */ = {
			isa = XCConfigurationList;
			buildConfigurations = (
				A80406DC26A07C5C006159C7 /* Debug */,
				A80406DD26A07C5C006159C7 /* Release */,
			);
			defaultConfigurationIsVisible = 0;
			defaultConfigurationName = Release;
		};
/* End XCConfigurationList section */

/* Begin XCVersionGroup section */
		A80406B426A07C5B006159C7 /* aboutMeApp2.xcdatamodeld */ = {
			isa = XCVersionGroup;
			children = (
				A80406B526A07C5B006159C7 /* aboutMeApp2.xcdatamodel */,
			);
			currentVersion = A80406B526A07C5B006159C7 /* aboutMeApp2.xcdatamodel */;
			path = aboutMeApp2.xcdatamodeld;
			sourceTree = "<group>";
			versionGroupType = wrapper.xcdatamodel;
		};
/* End XCVersionGroup section */
	};
	rootObject = A80406A026A07C5B006159C7 /* Project object */;
}
